
Microsoft Visual Studio Solution File, Format Version 12.00
# Visual Studio Version 17
VisualStudioVersion = 17.4.33213.308
MinimumVisualStudioVersion = 10.0.40219.1
Project("{FAE04EC0-301F-11D3-BF4B-00C04F79EFBC}") = "WebEscuelaMVC", "WebEscuelaMVC\WebEscuelaMVC.csproj", "{A70EFD90-B94B-45CF-A055-F55118BAB1DE}"
EndProject
Global
	GlobalSection(SolutionConfigurationPlatforms) = preSolution
		Debug|Any CPU = Debug|Any CPU
		Release|Any CPU = Release|Any CPU
	EndGlobalSection
	GlobalSection(ProjectConfigurationPlatforms) = postSolution
		{A70EFD90-B94B-45CF-A055-F55118BAB1DE}.Debug|Any CPU.ActiveCfg = Debug|Any CPU
		{A70EFD90-B94B-45CF-A055-F55118BAB1DE}.Debug|Any CPU.Build.0 = Debug|Any CPU
		{A70EFD90-B94B-45CF-A055-F55118BAB1DE}.Release|Any CPU.ActiveCfg = Release|Any CPU
		{A70EFD90-B94B-45CF-A055-F55118BAB1DE}.Release|Any CPU.Build.0 = Release|Any CPU
	EndGlobalSection
	GlobalSection(SolutionProperties) = preSolution
		HideSolutionNode = FALSE
	EndGlobalSection
	GlobalSection(ExtensibilityGlobals) = postSolution
		SolutionGuid = {D5E5E102-9E45-4538-952A-16EC0C1D675E}
	EndGlobalSection
EndGlobal
